{
  "name": "business-whatsapp",
  "version": "0.16.14",
  "lockfileVersion": 3,
  "requires": true,
  "packages": {
    "": {
      "name": "business-whatsapp",
      "version": "0.16.14",
      "license": "MIT",
      "devDependencies": {
        "typescript": "next"
      }
    },
    "node_modules/typescript": {
      "version": "5.2.0-dev.20230517",
      "resolved": "https://registry.npmjs.org/typescript/-/typescript-5.2.0-dev.20230517.tgz",
      "integrity": "sha512-mTT3ka5HTeudnNirocnOfr/0d2CEvZExrJpP8YXqAvdwlwjwNPJ4TqHHiL1y9lx3RfsUWu6HSX539ZxngUTqeA==",
      "dev": true,
      "bin": {
        "tsc": "bin/tsc",
        "tsserver": "bin/tsserver"
      },
      "engines": {
        "node": ">=14.17"
      }
    }
  }
}
